core:changelogs:
  - content: "---\npackages:\n  npm:tegami:\n    type: patch\n---\n\n## Support `npm pretrust` command\n\nUseful for publishing new packages with trusted publishing.\n"
    filename: 2026-06-30-mr0jrgvq.md
    v: 0.0.0
core:packages:
  - id: npm:root
    updated: false
  - id: npm:docs
    updated: false
  - changelogIds:
      - 2026-06-30-mr0jrgvq.md
    id: npm:tegami
    updated: true
  - id: npm:@tegami/pip
    updated: true
  - id: npm:@repo/typescript-config
    updated: false
npm:packages:
  - id: npm:root
  - id: npm:docs
  - distTag: beta
    id: npm:tegami
  - distTag: beta
    id: npm:@tegami/pip
  - id: npm:@repo/typescript-config
